
Microsoft Visual Studio Solution File, Format Version 12.00
# Visual Studio Version 17
VisualStudioVersion = 17.4.33213.308
MinimumVisualStudioVersion = 10.0.40219.1
Project("{FAE04EC0-301F-11D3-BF4B-00C04F79EFBC}") = "Text", "Text\Text.csproj", "{437CD9E3-34DB-41E0-8717-EED42E559E7C}"
EndProject
Global
	GlobalSection(SolutionConfigurationPlatforms) = preSolution
		Debug|Any CPU = Debug|Any CPU
		Release|Any CPU = Release|Any CPU
	EndGlobalSection
	GlobalSection(ProjectConfigurationPlatforms) = postSolution
		{437CD9E3-34DB-41E0-8717-EED42E559E7C}.Debug|Any CPU.ActiveCfg = Debug|Any CPU
		{437CD9E3-34DB-41E0-8717-EED42E559E7C}.Debug|Any CPU.Build.0 = Debug|Any CPU
		{437CD9E3-34DB-41E0-8717-EED42E559E7C}.Release|Any CPU.ActiveCfg = Release|Any CPU
		{437CD9E3-34DB-41E0-8717-EED42E559E7C}.Release|Any CPU.Build.0 = Release|Any CPU
	EndGlobalSection
	GlobalSection(SolutionProperties) = preSolution
		HideSolutionNode = FALSE
	EndGlobalSection
	GlobalSection(ExtensibilityGlobals) = postSolution
		SolutionGuid = {CE21EC94-C374-44DC-911D-5EEDBE1B715C}
	EndGlobalSection
EndGlobal
